<?xml version="1.0" encoding="utf-8"?>
<Project ToolsVersion="4.0" xmlns="http://schemas.microsoft.com/developer/msbuild/2003">
  <ItemGroup>
    <Filter Include="Source Files">
      <UniqueIdentifier>{4FC737F1-C7A5-4376-A066-2A32D752A2FF}</UniqueIdentifier>
      <Extensions>cpp;c;cc;cxx;def;odl;idl;hpj;bat;asm;asmx</Extensions>
    </Filter>
    <Filter Include="Header Files">
      <UniqueIdentifier>{93995380-89BD-4b04-88EB-625FBE52EBFB}</UniqueIdentifier>
      <Extensions>h;hh;hpp;hxx;hm;inl;inc;xsd</Extensions>
    </Filter>
    <Filter Include="Resource Files">
      <UniqueIdentifier>{67DA6AB6-F800-4c08-8B7A-83BB121AAD01}</UniqueIdentifier>
      <Extensions>rc;ico;cur;bmp;dlg;rc2;rct;bin;rgs;gif;jpg;jpeg;jpe;resx;tiff;tif;png;wav;mfcribbon-ms</Extensions>
    </Filter>
  </ItemGroup>
  <ItemGroup>
    <ClCompile Include="GSoundUnity.cpp">
      <Filter>Source Files</Filter>
    </ClCompile>
    <ClCompile Include="gsound\dsp\Crossover.cpp">
      <Filter>Source Files</Filter>
    </ClCompile>
    <ClCompile Include="gsound\dsp\SampleRateConverter.cpp">
      <Filter>Source Files</Filter>
    </ClCompile>
    <ClCompile Include="gsound\dsp\SoundBuffer.cpp">
      <Filter>Source Files</Filter>
    </ClCompile>
    <ClCompile Include="gsound\dsp\SoundDeviceID.cpp">
      <Filter>Source Files</Filter>
    </ClCompile>
    <ClCompile Include="gsound\dsp\SoundDeviceManager.cpp">
      <Filter>Source Files</Filter>
    </ClCompile>
    <ClCompile Include="gsound\dsp\SoundMixer.cpp">
      <Filter>Source Files</Filter>
    </ClCompile>
    <ClCompile Include="gsound\dsp\SoundOutput.cpp">
      <Filter>Source Files</Filter>
    </ClCompile>
    <ClCompile Include="gsound\dsp\SoundOutputDevice.cpp">
      <Filter>Source Files</Filter>
    </ClCompile>
    <ClCompile Include="gsound\dsp\SoundPlayer.cpp">
      <Filter>Source Files</Filter>
    </ClCompile>
    <ClCompile Include="gsound\dsp\SoundStream.cpp">
      <Filter>Source Files</Filter>
    </ClCompile>
    <ClCompile Include="gsound\dsp\SpeakerConfiguation.cpp">
      <Filter>Source Files</Filter>
    </ClCompile>
    <ClCompile Include="gsound\dsp\WaveDecoder.cpp">
      <Filter>Source Files</Filter>
    </ClCompile>
    <ClCompile Include="gsound\internal\BoundingSphere.cpp">
      <Filter>Source Files</Filter>
    </ClCompile>
    <ClCompile Include="gsound\internal\DiffractionFrequencyResponse.cpp">
      <Filter>Source Files</Filter>
    </ClCompile>
    <ClCompile Include="gsound\internal\ProbePathCache.cpp">
      <Filter>Source Files</Filter>
    </ClCompile>
    <ClCompile Include="gsound\internal\QBVHArrayTree.cpp">
      <Filter>Source Files</Filter>
    </ClCompile>
    <ClCompile Include="gsound\internal\QBVHArrayTreeNode.cpp">
      <Filter>Source Files</Filter>
    </ClCompile>
    <ClCompile Include="gsound\internal\RayDistributionCache.cpp">
      <Filter>Source Files</Filter>
    </ClCompile>
    <ClCompile Include="gsound\internal\RayTracer.cpp">
      <Filter>Source Files</Filter>
    </ClCompile>
    <ClCompile Include="gsound\internal\SphereTree.cpp">
      <Filter>Source Files</Filter>
    </ClCompile>
    <ClCompile Include="gsound\util\Mutex.cpp">
      <Filter>Source Files</Filter>
    </ClCompile>
    <ClCompile Include="gsound\util\Timer.cpp">
      <Filter>Source Files</Filter>
    </ClCompile>
    <ClCompile Include="gsound\FrequencyPartition.cpp">
      <Filter>Source Files</Filter>
    </ClCompile>
    <ClCompile Include="gsound\FrequencyResponse.cpp">
      <Filter>Source Files</Filter>
    </ClCompile>
    <ClCompile Include="gsound\PropagationPathID.cpp">
      <Filter>Source Files</Filter>
    </ClCompile>
    <ClCompile Include="gsound\PropagationPathPoint.cpp">
      <Filter>Source Files</Filter>
    </ClCompile>
    <ClCompile Include="gsound\SoundListener.cpp">
      <Filter>Source Files</Filter>
    </ClCompile>
    <ClCompile Include="gsound\SoundMesh.cpp">
      <Filter>Source Files</Filter>
    </ClCompile>
    <ClCompile Include="gsound\SoundMeshPreprocessor.cpp">
      <Filter>Source Files</Filter>
    </ClCompile>
    <ClCompile Include="gsound\SoundMeshSerializer.cpp">
      <Filter>Source Files</Filter>
    </ClCompile>
    <ClCompile Include="gsound\SoundPropagationController.cpp">
      <Filter>Source Files</Filter>
    </ClCompile>
    <ClCompile Include="gsound\SoundPropagationRenderer.cpp">
      <Filter>Source Files</Filter>
    </ClCompile>
    <ClCompile Include="gsound\SoundPropagator.cpp">
      <Filter>Source Files</Filter>
    </ClCompile>
    <ClCompile Include="gsound\SoundScene.cpp">
      <Filter>Source Files</Filter>
    </ClCompile>
    <ClCompile Include="gsound\SoundSource.cpp">
      <Filter>Source Files</Filter>
    </ClCompile>
  </ItemGroup>
  <ItemGroup>
    <ClInclude Include="GSoundUnity.h">
      <Filter>Header Files</Filter>
    </ClInclude>
    <ClInclude Include="gsound\dsp\ChannelGainArray.h">
      <Filter>Header Files</Filter>
    </ClInclude>
    <ClInclude Include="gsound\dsp\ChannelIOMap.h">
      <Filter>Header Files</Filter>
    </ClInclude>
    <ClInclude Include="gsound\dsp\Crossover.h">
      <Filter>Header Files</Filter>
    </ClInclude>
    <ClInclude Include="gsound\dsp\GSoundDSPConfig.h">
      <Filter>Header Files</Filter>
    </ClInclude>
    <ClInclude Include="gsound\dsp\SampleMath.h">
      <Filter>Header Files</Filter>
    </ClInclude>
    <ClInclude Include="gsound\dsp\SampleRateConverter.h">
      <Filter>Header Files</Filter>
    </ClInclude>
    <ClInclude Include="gsound\dsp\SampleType.h">
      <Filter>Header Files</Filter>
    </ClInclude>
    <ClInclude Include="gsound\dsp\SeekableSoundOutput.h">
      <Filter>Header Files</Filter>
    </ClInclude>
    <ClInclude Include="gsound\dsp\SoundBuffer.h">
      <Filter>Header Files</Filter>
    </ClInclude>
    <ClInclude Include="gsound\dsp\SoundDeviceID.h">
      <Filter>Header Files</Filter>
    </ClInclude>
    <ClInclude Include="gsound\dsp\SoundDeviceManager.h">
      <Filter>Header Files</Filter>
    </ClInclude>
    <ClInclude Include="gsound\dsp\SoundInput.h">
      <Filter>Header Files</Filter>
    </ClInclude>
    <ClInclude Include="gsound\dsp\SoundMixer.h">
      <Filter>Header Files</Filter>
    </ClInclude>
    <ClInclude Include="gsound\dsp\SoundOutput.h">
      <Filter>Header Files</Filter>
    </ClInclude>
    <ClInclude Include="gsound\dsp\SoundOutputDevice.h">
      <Filter>Header Files</Filter>
    </ClInclude>
    <ClInclude Include="gsound\dsp\SoundPlayer.h">
      <Filter>Header Files</Filter>
    </ClInclude>
    <ClInclude Include="gsound\dsp\SoundProcessor.h">
      <Filter>Header Files</Filter>
    </ClInclude>
    <ClInclude Include="gsound\dsp\SoundStream.h">
      <Filter>Header Files</Filter>
    </ClInclude>
    <ClInclude Include="gsound\dsp\SpeakerConfiguration.h">
      <Filter>Header Files</Filter>
    </ClInclude>
    <ClInclude Include="gsound\dsp\SpeakerType.h">
      <Filter>Header Files</Filter>
    </ClInclude>
    <ClInclude Include="gsound\dsp\WaveDecoder.h">
      <Filter>Header Files</Filter>
    </ClInclude>
    <ClInclude Include="gsound\internal\BoundingSphere.h">
      <Filter>Header Files</Filter>
    </ClInclude>
    <ClInclude Include="gsound\internal\DiffractionFrequencyResponse.h">
      <Filter>Header Files</Filter>
    </ClInclude>
    <ClInclude Include="gsound\internal\FatSIMDRay3D.h">
      <Filter>Header Files</Filter>
    </ClInclude>
    <ClInclude Include="gsound\internal\FatSIMDTriangle3D.h">
      <Filter>Header Files</Filter>
    </ClInclude>
    <ClInclude Include="gsound\internal\GSoundInternalConfig.h">
      <Filter>Header Files</Filter>
    </ClInclude>
    <ClInclude Include="gsound\internal\InternalSoundTriangle.h">
      <Filter>Header Files</Filter>
    </ClInclude>
    <ClInclude Include="gsound\internal\ObjectSpaceTriangle.h">
      <Filter>Header Files</Filter>
    </ClInclude>
    <ClInclude Include="gsound\internal\ProbedTriangleCache.h">
      <Filter>Header Files</Filter>
    </ClInclude>
    <ClInclude Include="gsound\internal\ProbePath.h">
      <Filter>Header Files</Filter>
    </ClInclude>
    <ClInclude Include="gsound\internal\ProbePathCache.h">
      <Filter>Header Files</Filter>
    </ClInclude>
    <ClInclude Include="gsound\internal\QBVHArrayTree.h">
      <Filter>Header Files</Filter>
    </ClInclude>
    <ClInclude Include="gsound\internal\QBVHArrayTreeNode.h">
      <Filter>Header Files</Filter>
    </ClInclude>
    <ClInclude Include="gsound\internal\RayDistributionCache.h">
      <Filter>Header Files</Filter>
    </ClInclude>
    <ClInclude Include="gsound\internal\RayTracer.h">
      <Filter>Header Files</Filter>
    </ClInclude>
    <ClInclude Include="gsound\internal\SphereTree.h">
      <Filter>Header Files</Filter>
    </ClInclude>
    <ClInclude Include="gsound\internal\WorldSpaceTriangle.h">
      <Filter>Header Files</Filter>
    </ClInclude>
    <ClInclude Include="gsound\math\AABB1D.h">
      <Filter>Header Files</Filter>
    </ClInclude>
    <ClInclude Include="gsound\math\AABB3D.h">
      <Filter>Header Files</Filter>
    </ClInclude>
    <ClInclude Include="gsound\math\Complex.h">
      <Filter>Header Files</Filter>
    </ClInclude>
    <ClInclude Include="gsound\math\GSoundMathConfig.h">
      <Filter>Header Files</Filter>
    </ClInclude>
    <ClInclude Include="gsound\math\Matrix3D.h">
      <Filter>Header Files</Filter>
    </ClInclude>
    <ClInclude Include="gsound\math\Plane3D.h">
      <Filter>Header Files</Filter>
    </ClInclude>
    <ClInclude Include="gsound\math\RandomVariable.h">
      <Filter>Header Files</Filter>
    </ClInclude>
    <ClInclude Include="gsound\math\Ray3D.h">
      <Filter>Header Files</Filter>
    </ClInclude>
    <ClInclude Include="gsound\math\ScalarMath.h">
      <Filter>Header Files</Filter>
    </ClInclude>
    <ClInclude Include="gsound\math\SIMDAABB3D.h">
      <Filter>Header Files</Filter>
    </ClInclude>
    <ClInclude Include="gsound\math\SIMDRay3D.h">
      <Filter>Header Files</Filter>
    </ClInclude>
    <ClInclude Include="gsound\math\SIMDScalar.h">
      <Filter>Header Files</Filter>
    </ClInclude>
    <ClInclude Include="gsound\math\SIMDScalarBool4.h">
      <Filter>Header Files</Filter>
    </ClInclude>
    <ClInclude Include="gsound\math\SIMDScalarBoolN.h">
      <Filter>Header Files</Filter>
    </ClInclude>
    <ClInclude Include="gsound\math\SIMDScalarFloat4.h">
      <Filter>Header Files</Filter>
    </ClInclude>
    <ClInclude Include="gsound\math\SIMDScalarFloatN.h">
      <Filter>Header Files</Filter>
    </ClInclude>
    <ClInclude Include="gsound\math\SIMDScalarInt4.h">
      <Filter>Header Files</Filter>
    </ClInclude>
    <ClInclude Include="gsound\math\SIMDScalarIntN.h">
      <Filter>Header Files</Filter>
    </ClInclude>
    <ClInclude Include="gsound\math\SIMDTriangle3D.h">
      <Filter>Header Files</Filter>
    </ClInclude>
    <ClInclude Include="gsound\math\SIMDVector3D.h">
      <Filter>Header Files</Filter>
    </ClInclude>
    <ClInclude Include="gsound\math\Transformation3D.h">
      <Filter>Header Files</Filter>
    </ClInclude>
    <ClInclude Include="gsound\math\Vector2D.h">
      <Filter>Header Files</Filter>
    </ClInclude>
    <ClInclude Include="gsound\math\Vector3D.h">
      <Filter>Header Files</Filter>
    </ClInclude>
    <ClInclude Include="gsound\util\Allocator.h">
      <Filter>Header Files</Filter>
    </ClInclude>
    <ClInclude Include="gsound\util\ArrayList.h">
      <Filter>Header Files</Filter>
    </ClInclude>
    <ClInclude Include="gsound\util\GSoundUtilitiesConfig.h">
      <Filter>Header Files</Filter>
    </ClInclude>
    <ClInclude Include="gsound\util\HashMap.h">
      <Filter>Header Files</Filter>
    </ClInclude>
    <ClInclude Include="gsound\util\HashSet.h">
      <Filter>Header Files</Filter>
    </ClInclude>
    <ClInclude Include="gsound\util\Mutex.h">
      <Filter>Header Files</Filter>
    </ClInclude>
    <ClInclude Include="gsound\util\StaticArray.h">
      <Filter>Header Files</Filter>
    </ClInclude>
    <ClInclude Include="gsound\util\StaticArrayList.h">
      <Filter>Header Files</Filter>
    </ClInclude>
    <ClInclude Include="gsound\util\Timer.h">
      <Filter>Header Files</Filter>
    </ClInclude>
    <ClInclude Include="gsound\DebugDrawingCache.h">
      <Filter>Header Files</Filter>
    </ClInclude>
    <ClInclude Include="gsound\FrequencyPartition.h">
      <Filter>Header Files</Filter>
    </ClInclude>
    <ClInclude Include="gsound\FrequencyResponse.h">
      <Filter>Header Files</Filter>
    </ClInclude>
    <ClInclude Include="gsound\GSound.h">
      <Filter>Header Files</Filter>
    </ClInclude>
    <ClInclude Include="gsound\GSoundBase.h">
      <Filter>Header Files</Filter>
    </ClInclude>
    <ClInclude Include="gsound\GSoundConfig.h">
      <Filter>Header Files</Filter>
    </ClInclude>
    <ClInclude Include="gsound\GSoundDSP.h">
      <Filter>Header Files</Filter>
    </ClInclude>
    <ClInclude Include="gsound\GSoundMath.h">
      <Filter>Header Files</Filter>
    </ClInclude>
    <ClInclude Include="gsound\GSoundUtilities.h">
      <Filter>Header Files</Filter>
    </ClInclude>
    <ClInclude Include="gsound\PropagationPath.h">
      <Filter>Header Files</Filter>
    </ClInclude>
    <ClInclude Include="gsound\PropagationPathDescription.h">
      <Filter>Header Files</Filter>
    </ClInclude>
    <ClInclude Include="gsound\PropagationPathID.h">
      <Filter>Header Files</Filter>
    </ClInclude>
    <ClInclude Include="gsound\PropagationPathPoint.h">
      <Filter>Header Files</Filter>
    </ClInclude>
    <ClInclude Include="gsound\SoundDistanceAttenuation.h">
      <Filter>Header Files</Filter>
    </ClInclude>
    <ClInclude Include="gsound\SoundListener.h">
      <Filter>Header Files</Filter>
    </ClInclude>
    <ClInclude Include="gsound\SoundMaterial.h">
      <Filter>Header Files</Filter>
    </ClInclude>
    <ClInclude Include="gsound\SoundMesh.h">
      <Filter>Header Files</Filter>
    </ClInclude>
    <ClInclude Include="gsound\SoundMeshPreprocessor.h">
      <Filter>Header Files</Filter>
    </ClInclude>
    <ClInclude Include="gsound\SoundMeshSerializer.h">
      <Filter>Header Files</Filter>
    </ClInclude>
    <ClInclude Include="gsound\SoundObject.h">
      <Filter>Header Files</Filter>
    </ClInclude>
    <ClInclude Include="gsound\SoundPropagationController.h">
      <Filter>Header Files</Filter>
    </ClInclude>
    <ClInclude Include="gsound\SoundPropagationPathBuffer.h">
      <Filter>Header Files</Filter>
    </ClInclude>
    <ClInclude Include="gsound\SoundPropagationRenderer.h">
      <Filter>Header Files</Filter>
    </ClInclude>
    <ClInclude Include="gsound\SoundPropagator.h">
      <Filter>Header Files</Filter>
    </ClInclude>
    <ClInclude Include="gsound\SoundScene.h">
      <Filter>Header Files</Filter>
    </ClInclude>
    <ClInclude Include="gsound\SoundSource.h">
      <Filter>Header Files</Filter>
    </ClInclude>
    <ClInclude Include="gsound\SoundSourcePropagationPathBuffer.h">
      <Filter>Header Files</Filter>
    </ClInclude>
    <ClInclude Include="gsound\SoundSourceReverbResponse.h">
      <Filter>Header Files</Filter>
    </ClInclude>
    <ClInclude Include="gsound\SoundTriangle.h">
      <Filter>Header Files</Filter>
    </ClInclude>
    <ClInclude Include="gsound\SoundVertex.h">
      <Filter>Header Files</Filter>
    </ClInclude>
  </ItemGroup>
</Project>